// !$*UTF8*$!
{
	archiveVersion = 1;
	classes = {
	};
	objectVersion = 50;
	objects = {

/* Begin PBXBuildFile section */
		E187C127228677E00022B49D /* DataManager.swift in Sources */ = {isa = PBXBuildFile; fileRef = E187C126228677E00022B49D /* DataManager.swift */; };
		E1FFA92E2285E2DC00859A52 /* AppDelegate.swift in Sources */ = {isa = PBXBuildFile; fileRef = E1FFA92D2285E2DC00859A52 /* AppDelegate.swift */; };
		E1FFA9332285E2DC00859A52 /* Main.storyboard in Resources */ = {isa = PBXBuildFile; fileRef = E1FFA9312285E2DC00859A52 /* Main.storyboard */; };
		E1FFA9362285E2DC00859A52 /* iOS_Chatty.xcdatamodeld in Sources */ = {isa = PBXBuildFile; fileRef = E1FFA9342285E2DC00859A52 /* iOS_Chatty.xcdatamodeld */; };
		E1FFA9382285E2DC00859A52 /* Assets.xcassets in Resources */ = {isa = PBXBuildFile; fileRef = E1FFA9372285E2DC00859A52 /* Assets.xcassets */; };
		E1FFA93B2285E2DC00859A52 /* LaunchScreen.storyboard in Resources */ = {isa = PBXBuildFile; fileRef = E1FFA9392285E2DC00859A52 /* LaunchScreen.storyboard */; };
		E1FFA94A2285EA0500859A52 /* Constants.swift in Sources */ = {isa = PBXBuildFile; fileRef = E1FFA9492285EA0500859A52 /* Constants.swift */; };
		E1FFA94C2286241D00859A52 /* UserListVC.swift in Sources */ = {isa = PBXBuildFile; fileRef = E1FFA94B2286241D00859A52 /* UserListVC.swift */; };
		E1FFA94E2286243900859A52 /* ChatVC.swift in Sources */ = {isa = PBXBuildFile; fileRef = E1FFA94D2286243900859A52 /* ChatVC.swift */; };
		E1FFA9502286246100859A52 /* ProfileVC.swift in Sources */ = {isa = PBXBuildFile; fileRef = E1FFA94F2286246100859A52 /* ProfileVC.swift */; };
		E1FFA956228627CE00859A52 /* Device.swift in Sources */ = {isa = PBXBuildFile; fileRef = E1FFA955228627CE00859A52 /* Device.swift */; };
		E1FFA9582286284100859A52 /* User.swift in Sources */ = {isa = PBXBuildFile; fileRef = E1FFA9572286284100859A52 /* User.swift */; };
/* End PBXBuildFile section */

/* Begin PBXFileReference section */
		E187C126228677E00022B49D /* DataManager.swift */ = {isa = PBXFileReference; lastKnownFileType = sourcecode.swift; path = DataManager.swift; sourceTree = SOURCE_ROOT; };
		E1FFA92A2285E2DC00859A52 /* iOS-Chatty.app */ = {isa = PBXFileReference; explicitFileType = wrapper.application; includeInIndex = 0; path = "iOS-Chatty.app"; sourceTree = BUILT_PRODUCTS_DIR; };
		E1FFA92D2285E2DC00859A52 /* AppDelegate.swift */ = {isa = PBXFileReference; lastKnownFileType = sourcecode.swift; path = AppDelegate.swift; sourceTree = "<group>"; };
		E1FFA9322285E2DC00859A52 /* Base */ = {isa = PBXFileReference; lastKnownFileType = file.storyboard; name = Base; path = Base.lproj/Main.storyboard; sourceTree = "<group>"; };
		E1FFA9352285E2DC00859A52 /* iOS_Chatty.xcdatamodel */ = {isa = PBXFileReference; lastKnownFileType = wrapper.xcdatamodel; path = iOS_Chatty.xcdatamodel; sourceTree = "<group>"; };
		E1FFA9372285E2DC00859A52 /* Assets.xcassets */ = {isa = PBXFileReference; lastKnownFileType = folder.assetcatalog; path = Assets.xcassets; sourceTree = "<group>"; };
		E1FFA93A2285E2DC00859A52 /* Base */ = {isa = PBXFileReference; lastKnownFileType = file.storyboard; name = Base; path = Base.lproj/LaunchScreen.storyboard; sourceTree = "<group>"; };
		E1FFA93C2285E2DC00859A52 /* Info.plist */ = {isa = PBXFileReference; lastKnownFileType = text.plist.xml; path = Info.plist; sourceTree = "<group>"; };
		E1FFA9492285EA0500859A52 /* Constants.swift */ = {isa = PBXFileReference; lastKnownFileType = sourcecode.swift; path = Constants.swift; sourceTree = "<group>"; };
		E1FFA94B2286241D00859A52 /* UserListVC.swift */ = {isa = PBXFileReference; lastKnownFileType = sourcecode.swift; path = UserListVC.swift; sourceTree = "<group>"; };
		E1FFA94D2286243900859A52 /* ChatVC.swift */ = {isa = PBXFileReference; lastKnownFileType = sourcecode.swift; path = ChatVC.swift; sourceTree = "<group>"; };
		E1FFA94F2286246100859A52 /* ProfileVC.swift */ = {isa = PBXFileReference; lastKnownFileType = sourcecode.swift; path = ProfileVC.swift; sourceTree = "<group>"; };
		E1FFA955228627CE00859A52 /* Device.swift */ = {isa = PBXFileReference; lastKnownFileType = sourcecode.swift; path = Device.swift; sourceTree = SOURCE_ROOT; };
		E1FFA9572286284100859A52 /* User.swift */ = {isa = PBXFileReference; lastKnownFileType = sourcecode.swift; path = User.swift; sourceTree = SOURCE_ROOT; };
/* End PBXFileReference section */

/* Begin PBXFrameworksBuildPhase section */
		E1FFA9272285E2DC00859A52 /* Frameworks */ = {
			isa = PBXFrameworksBuildPhase;
			buildActionMask = 2147483647;
			files = (
			);
			runOnlyForDeploymentPostprocessing = 0;
		};
/* End PBXFrameworksBuildPhase section */

/* Begin PBXGroup section */
		E1FFA9212285E2DC00859A52 = {
			isa = PBXGroup;
			children = (
				E1FFA92C2285E2DC00859A52 /* iOS-Chatty */,
				E1FFA92B2285E2DC00859A52 /* Products */,
			);
			sourceTree = "<group>";
		};
		E1FFA92B2285E2DC00859A52 /* Products */ = {
			isa = PBXGroup;
			children = (
				E1FFA92A2285E2DC00859A52 /* iOS-Chatty.app */,
			);
			name = Products;
			sourceTree = "<group>";
		};
		E1FFA92C2285E2DC00859A52 /* iOS-Chatty */ = {
			isa = PBXGroup;
			children = (
				E1FFA9442285E38A00859A52 /* AppDelegate */,
				E1FFA9432285E38300859A52 /* Storyboards */,
				E1FFA9472285E3B500859A52 /* Controller */,
				E1FFA9462285E3B000859A52 /* View */,
				E1FFA9452285E3A500859A52 /* Model */,
				E1FFA9422285E36D00859A52 /* Support */,
			);
			path = "iOS-Chatty";
			sourceTree = "<group>";
		};
		E1FFA9422285E36D00859A52 /* Support */ = {
			isa = PBXGroup;
			children = (
				E1FFA9482285E9DD00859A52 /* Constrants */,
				E1FFA9372285E2DC00859A52 /* Assets.xcassets */,
				E1FFA93C2285E2DC00859A52 /* Info.plist */,
				E1FFA9342285E2DC00859A52 /* iOS_Chatty.xcdatamodeld */,
			);
			path = Support;
			sourceTree = "<group>";
		};
		E1FFA9432285E38300859A52 /* Storyboards */ = {
			isa = PBXGroup;
			children = (
				E1FFA9312285E2DC00859A52 /* Main.storyboard */,
				E1FFA9392285E2DC00859A52 /* LaunchScreen.storyboard */,
			);
			path = Storyboards;
			sourceTree = "<group>";
		};
		E1FFA9442285E38A00859A52 /* AppDelegate */ = {
			isa = PBXGroup;
			children = (
				E1FFA92D2285E2DC00859A52 /* AppDelegate.swift */,
			);
			path = AppDelegate;
			sourceTree = "<group>";
		};
		E1FFA9452285E3A500859A52 /* Model */ = {
			isa = PBXGroup;
			children = (
				E1FFA955228627CE00859A52 /* Device.swift */,
				E1FFA9572286284100859A52 /* User.swift */,
				E187C126228677E00022B49D /* DataManager.swift */,
			);
			path = Model;
			sourceTree = "<group>";
		};
		E1FFA9462285E3B000859A52 /* View */ = {
			isa = PBXGroup;
			children = (
			);
			path = View;
			sourceTree = "<group>";
		};
		E1FFA9472285E3B500859A52 /* Controller */ = {
			isa = PBXGroup;
			children = (
				E1FFA94B2286241D00859A52 /* UserListVC.swift */,
				E1FFA94D2286243900859A52 /* ChatVC.swift */,
				E1FFA94F2286246100859A52 /* ProfileVC.swift */,
			);
			path = Controller;
			sourceTree = "<group>";
		};
		E1FFA9482285E9DD00859A52 /* Constrants */ = {
			isa = PBXGroup;
			children = (
				E1FFA9492285EA0500859A52 /* Constants.swift */,
			);
			path = Constrants;
			sourceTree = "<group>";
		};
/* End PBXGroup section */

/* Begin PBXNativeTarget section */
		E1FFA9292285E2DC00859A52 /* iOS-Chatty */ = {
			isa = PBXNativeTarget;
			buildConfigurationList = E1FFA93F2285E2DC00859A52 /* Build configuration list for PBXNativeTarget "iOS-Chatty" */;
			buildPhases = (
				E1FFA9262285E2DC00859A52 /* Sources */,
				E1FFA9272285E2DC00859A52 /* Frameworks */,
				E1FFA9282285E2DC00859A52 /* Resources */,
			);
			buildRules = (
			);
			dependencies = (
			);
			name = "iOS-Chatty";
			productName = "iOS-Chatty";
			productReference = E1FFA92A2285E2DC00859A52 /* iOS-Chatty.app */;
			productType = "com.apple.product-type.application";
		};
/* End PBXNativeTarget section */

/* Begin PBXProject section */
		E1FFA9222285E2DC00859A52 /* Project object */ = {
			isa = PBXProject;
			attributes = {
				LastSwiftUpdateCheck = 1020;
				LastUpgradeCheck = 1020;
				ORGANIZATIONNAME = iOSPlayground;
				TargetAttributes = {
					E1FFA9292285E2DC00859A52 = {
						CreatedOnToolsVersion = 10.2.1;
					};
				};
			};
			buildConfigurationList = E1FFA9252285E2DC00859A52 /* Build configuration list for PBXProject "iOS-Chatty" */;
			compatibilityVersion = "Xcode 9.3";
			developmentRegion = en;
			hasScannedForEncodings = 0;
			knownRegions = (
				en,
				Base,
			);
			mainGroup = E1FFA9212285E2DC00859A52;
			productRefGroup = E1FFA92B2285E2DC00859A52 /* Products */;
			projectDirPath = "";
			projectRoot = "";
			targets = (
				E1FFA9292285E2DC00859A52 /* iOS-Chatty */,
			);
		};
/* End PBXProject section */

/* Begin PBXResourcesBuildPhase section */
		E1FFA9282285E2DC00859A52 /* Resources */ = {
			isa = PBXResourcesBuildPhase;
			buildActionMask = 2147483647;
			files = (
				E1FFA93B2285E2DC00859A52 /* LaunchScreen.storyboard in Resources */,
				E1FFA9382285E2DC00859A52 /* Assets.xcassets in Resources */,
				E1FFA9332285E2DC00859A52 /* Main.storyboard in Resources */,
			);
			runOnlyForDeploymentPostprocessing = 0;
		};
/* End PBXResourcesBuildPhase section */

/* Begin PBXSourcesBuildPhase section */
		E1FFA9262285E2DC00859A52 /* Sources */ = {
			isa = PBXSourcesBuildPhase;
			buildActionMask = 2147483647;
			files = (
				E1FFA9502286246100859A52 /* ProfileVC.swift in Sources */,
				E1FFA92E2285E2DC00859A52 /* AppDelegate.swift in Sources */,
				E1FFA9362285E2DC00859A52 /* iOS_Chatty.xcdatamodeld in Sources */,
				E1FFA94A2285EA0500859A52 /* Constants.swift in Sources */,
				E1FFA9582286284100859A52 /* User.swift in Sources */,
				E1FFA94C2286241D00859A52 /* UserListVC.swift in Sources */,
				E1FFA956228627CE00859A52 /* Device.swift in Sources */,
				E187C127228677E00022B49D /* DataManager.swift in Sources */,
				E1FFA94E2286243900859A52 /* ChatVC.swift in Sources */,
			);
			runOnlyForDeploymentPostprocessing = 0;
		};
/* End PBXSourcesBuildPhase section */

/* Begin PBXVariantGroup section */
		E1FFA9312285E2DC00859A52 /* Main.storyboard */ = {
			isa = PBXVariantGroup;
			children = (
				E1FFA9322285E2DC00859A52 /* Base */,
			);
			name = Main.storyboard;
			sourceTree = "<group>";
		};
		E1FFA9392285E2DC00859A52 /* LaunchScreen.storyboard */ = {
			isa = PBXVariantGroup;
			children = (
				E1FFA93A2285E2DC00859A52 /* Base */,
			);
			name = LaunchScreen.storyboard;
			sourceTree = "<group>";
		};
/* End PBXVariantGroup section */

/* Begin XCBuildConfiguration section */
		E1FFA93D2285E2DC00859A52 /* Debug */ = {
			isa = XCBuildConfiguration;
			buildSettings = {
				ALWAYS_SEARCH_USER_PATHS = NO;
				CLANG_ANALYZER_NONNULL = YES;
				CLANG_ANALYZER_NUMBER_OBJECT_CONVERSION = YES_AGGRESSIVE;
				CLANG_CXX_LANGUAGE_STANDARD = "gnu++14";
				CLANG_CXX_LIBRARY = "libc++";
				CLANG_ENABLE_MODULES = YES;
				CLANG_ENABLE_OBJC_ARC = YES;
				CLANG_ENABLE_OBJC_WEAK = YES;
				CLANG_WARN_BLOCK_CAPTURE_AUTORELEASING = YES;
				CLANG_WARN_BOOL_CONVERSION = YES;
				CLANG_WARN_COMMA = YES;
				CLANG_WARN_CONSTANT_CONVERSION = YES;
				CLANG_WARN_DEPRECATED_OBJC_IMPLEMENTATIONS = YES;
				CLANG_WARN_DIRECT_OBJC_ISA_USAGE = YES_ERROR;
				CLANG_WARN_DOCUMENTATION_COMMENTS = YES;
				CLANG_WARN_EMPTY_BODY = YES;
				CLANG_WARN_ENUM_CONVERSION = YES;
				CLANG_WARN_INFINITE_RECURSION = YES;
				CLANG_WARN_INT_CONVERSION = YES;
				CLANG_WARN_NON_LITERAL_NULL_CONVERSION = YES;
				CLANG_WARN_OBJC_IMPLICIT_RETAIN_SELF = YES;
				CLANG_WARN_OBJC_LITERAL_CONVERSION = YES;
				CLANG_WARN_OBJC_ROOT_CLASS = YES_ERROR;
				CLANG_WARN_RANGE_LOOP_ANALYSIS = YES;
				CLANG_WARN_STRICT_PROTOTYPES = YES;
				CLANG_WARN_SUSPICIOUS_MOVE = YES;
				CLANG_WARN_UNGUARDED_AVAILABILITY = YES_AGGRESSIVE;
				CLANG_WARN_UNREACHABLE_CODE = YES;
				CLANG_WARN__DUPLICATE_METHOD_MATCH = YES;
				CODE_SIGN_IDENTITY = "iPhone Developer";
				COPY_PHASE_STRIP = NO;
				DEBUG_INFORMATION_FORMAT = dwarf;
				ENABLE_STRICT_OBJC_MSGSEND = YES;
				ENABLE_TESTABILITY = YES;
				GCC_C_LANGUAGE_STANDARD = gnu11;
				GCC_DYNAMIC_NO_PIC = NO;
				GCC_NO_COMMON_BLOCKS = YES;
				GCC_OPTIMIZATION_LEVEL = 0;
				GCC_PREPROCESSOR_DEFINITIONS = (
					"DEBUG=1",
					"$(inherited)",
				);
				GCC_WARN_64_TO_32_BIT_CONVERSION = YES;
				GCC_WARN_ABOUT_RETURN_TYPE = YES_ERROR;
				GCC_WARN_UNDECLARED_SELECTOR = YES;
				GCC_WARN_UNINITIALIZED_AUTOS = YES_AGGRESSIVE;
				GCC_WARN_UNUSED_FUNCTION = YES;
				GCC_WARN_UNUSED_VARIABLE = YES;
				IPHONEOS_DEPLOYMENT_TARGET = 12.2;
				MTL_ENABLE_DEBUG_INFO = INCLUDE_SOURCE;
				MTL_FAST_MATH = YES;
				ONLY_ACTIVE_ARCH = YES;
				SDKROOT = iphoneos;
				SWIFT_ACTIVE_COMPILATION_CONDITIONS = DEBUG;
				SWIFT_OPTIMIZATION_LEVEL = "-Onone";
			};
			name = Debug;
		};
		E1FFA93E2285E2DC00859A52 /* Release */ = {
			isa = XCBuildConfiguration;
			buildSettings = {
				ALWAYS_SEARCH_USER_PATHS = NO;
				CLANG_ANALYZER_NONNULL = YES;
				CLANG_ANALYZER_NUMBER_OBJECT_CONVERSION = YES_AGGRESSIVE;
				CLANG_CXX_LANGUAGE_STANDARD = "gnu++14";
				CLANG_CXX_LIBRARY = "libc++";
				CLANG_ENABLE_MODULES = YES;
				CLANG_ENABLE_OBJC_ARC = YES;
				CLANG_ENABLE_OBJC_WEAK = YES;
				CLANG_WARN_BLOCK_CAPTURE_AUTORELEASING = YES;
				CLANG_WARN_BOOL_CONVERSION = YES;
				CLANG_WARN_COMMA = YES;
				CLANG_WARN_CONSTANT_CONVERSION = YES;
				CLANG_WARN_DEPRECATED_OBJC_IMPLEMENTATIONS = YES;
				CLANG_WARN_DIRECT_OBJC_ISA_USAGE = YES_ERROR;
				CLANG_WARN_DOCUMENTATION_COMMENTS = YES;
				CLANG_WARN_EMPTY_BODY = YES;
				CLANG_WARN_ENUM_CONVERSION = YES;
				CLANG_WARN_INFINITE_RECURSION = YES;
				CLANG_WARN_INT_CONVERSION = YES;
				CLANG_WARN_NON_LITERAL_NULL_CONVERSION = YES;
				CLANG_WARN_OBJC_IMPLICIT_RETAIN_SELF = YES;
				CLANG_WARN_OBJC_LITERAL_CONVERSION = YES;
				CLANG_WARN_OBJC_ROOT_CLASS = YES_ERROR;
				CLANG_WARN_RANGE_LOOP_ANALYSIS = YES;
				CLANG_WARN_STRICT_PROTOTYPES = YES;
				CLANG_WARN_SUSPICIOUS_MOVE = YES;
				CLANG_WARN_UNGUARDED_AVAILABILITY = YES_AGGRESSIVE;
				CLANG_WARN_UNREACHABLE_CODE = YES;
				CLANG_WARN__DUPLICATE_METHOD_MATCH = YES;
				CODE_SIGN_IDENTITY = "iPhone Developer";
				COPY_PHASE_STRIP = NO;
				DEBUG_INFORMATION_FORMAT = "dwarf-with-dsym";
				ENABLE_NS_ASSERTIONS = NO;
				ENABLE_STRICT_OBJC_MSGSEND = YES;
				GCC_C_LANGUAGE_STANDARD = gnu11;
				GCC_NO_COMMON_BLOCKS = YES;
				GCC_WARN_64_TO_32_BIT_CONVERSION = YES;
				GCC_WARN_ABOUT_RETURN_TYPE = YES_ERROR;
				GCC_WARN_UNDECLARED_SELECTOR = YES;
				GCC_WARN_UNINITIALIZED_AUTOS = YES_AGGRESSIVE;
				GCC_WARN_UNUSED_FUNCTION = YES;
				GCC_WARN_UNUSED_VARIABLE = YES;
				IPHONEOS_DEPLOYMENT_TARGET = 12.2;
				MTL_ENABLE_DEBUG_INFO = NO;
				MTL_FAST_MATH = YES;
				SDKROOT = iphoneos;
				SWIFT_COMPILATION_MODE = wholemodule;
				SWIFT_OPTIMIZATION_LEVEL = "-O";
				VALIDATE_PRODUCT = YES;
			};
			name = Release;
		};
		E1FFA9402285E2DC00859A52 /* Debug */ = {
			isa = XCBuildConfiguration;
			buildSettings = {
				ASSETCATALOG_COMPILER_APPICON_NAME = AppIcon;
				CODE_SIGN_STYLE = Automatic;
				DEVELOPMENT_TEAM = RQAE768Z9N;
				INFOPLIST_FILE = "iOS-Chatty/Support/Info.plist";
				IPHONEOS_DEPLOYMENT_TARGET = 10.0;
				LD_RUNPATH_SEARCH_PATHS = (
					"$(inherited)",
					"@executable_path/Frameworks",
				);
				PRODUCT_BUNDLE_IDENTIFIER = "iOSPlayground.iOS-Chatty";
				PRODUCT_NAME = "$(TARGET_NAME)";
				SWIFT_VERSION = 5.0;
				TARGETED_DEVICE_FAMILY = 1;
			};
			name = Debug;
		};
		E1FFA9412285E2DC00859A52 /* Release */ = {
			isa = XCBuildConfiguration;
			buildSettings = {
				ASSETCATALOG_COMPILER_APPICON_NAME = AppIcon;
				CODE_SIGN_STYLE = Automatic;
				DEVELOPMENT_TEAM = RQAE768Z9N;
				INFOPLIST_FILE = "iOS-Chatty/Support/Info.plist";
				IPHONEOS_DEPLOYMENT_TARGET = 10.0;
				LD_RUNPATH_SEARCH_PATHS = (
					"$(inherited)",
					"@executable_path/Frameworks",
				);
				PRODUCT_BUNDLE_IDENTIFIER = "iOSPlayground.iOS-Chatty";
				PRODUCT_NAME = "$(TARGET_NAME)";
				SWIFT_VERSION = 5.0;
				TARGETED_DEVICE_FAMILY = 1;
			};
			name = Release;
		};
/* End XCBuildConfiguration section */

/* Begin XCConfigurationList section */
		E1FFA9252285E2DC00859A52 /* Build configuration list for PBXProject "iOS-Chatty" */ = {
			isa = XCConfigurationList;
			buildConfigurations = (
				E1FFA93D2285E2DC00859A52 /* Debug */,
				E1FFA93E2285E2DC00859A52 /* Release */,
			);
			defaultConfigurationIsVisible = 0;
			defaultConfigurationName = Release;
		};
		E1FFA93F2285E2DC00859A52 /* Build configuration list for PBXNativeTarget "iOS-Chatty" */ = {
			isa = XCConfigurationList;
			buildConfigurations = (
				E1FFA9402285E2DC00859A52 /* Debug */,
				E1FFA9412285E2DC00859A52 /* Release */,
			);
			defaultConfigurationIsVisible = 0;
			defaultConfigurationName = Release;
		};
/* End XCConfigurationList section */

/* Begin XCVersionGroup section */
		E1FFA9342285E2DC00859A52 /* iOS_Chatty.xcdatamodeld */ = {
			isa = XCVersionGroup;
			children = (
				E1FFA9352285E2DC00859A52 /* iOS_Chatty.xcdatamodel */,
			);
			currentVersion = E1FFA9352285E2DC00859A52 /* iOS_Chatty.xcdatamodel */;
			path = iOS_Chatty.xcdatamodeld;
			sourceTree = "<group>";
			versionGroupType = wrapper.xcdatamodel;
		};
/* End XCVersionGroup section */
	};
	rootObject = E1FFA9222285E2DC00859A52 /* Project object */;
}
